
Microsoft Visual Studio Solution File, Format Version 12.00
# Visual Studio 2013
VisualStudioVersion = 12.0.30723.0
MinimumVisualStudioVersion = 10.0.40219.1
Project("{FAE04EC0-301F-11D3-BF4B-00C04F79EFBC}") = "Template.Data", "Template.Data\Template.Data.csproj", "{413A97A7-E3C6-4380-9896-774CA3CE7959}"
EndProject
Project("{FAE04EC0-301F-11D3-BF4B-00C04F79EFBC}") = "Template.Models", "Template.Models\Template.Models.csproj", "{9CAEDF7F-34E1-4675-A4A6-197F89DDAC53}"
EndProject
Project("{FAE04EC0-301F-11D3-BF4B-00C04F79EFBC}") = "Template.ConsoleClient", "Template.ConsoleClient\Template.ConsoleClient.csproj", "{EB47F730-4CF4-4A66-BCA8-6D8CEFBE4AA1}"
EndProject
Global
	GlobalSection(SolutionConfigurationPlatforms) = preSolution
		Debug|Any CPU = Debug|Any CPU
		Release|Any CPU = Release|Any CPU
	EndGlobalSection
	GlobalSection(ProjectConfigurationPlatforms) = postSolution
		{413A97A7-E3C6-4380-9896-774CA3CE7959}.Debug|Any CPU.ActiveCfg = Debug|Any CPU
		{413A97A7-E3C6-4380-9896-774CA3CE7959}.Debug|Any CPU.Build.0 = Debug|Any CPU
		{413A97A7-E3C6-4380-9896-774CA3CE7959}.Release|Any CPU.ActiveCfg = Release|Any CPU
		{413A97A7-E3C6-4380-9896-774CA3CE7959}.Release|Any CPU.Build.0 = Release|Any CPU
		{9CAEDF7F-34E1-4675-A4A6-197F89DDAC53}.Debug|Any CPU.ActiveCfg = Debug|Any CPU
		{9CAEDF7F-34E1-4675-A4A6-197F89DDAC53}.Debug|Any CPU.Build.0 = Debug|Any CPU
		{9CAEDF7F-34E1-4675-A4A6-197F89DDAC53}.Release|Any CPU.ActiveCfg = Release|Any CPU
		{9CAEDF7F-34E1-4675-A4A6-197F89DDAC53}.Release|Any CPU.Build.0 = Release|Any CPU
		{EB47F730-4CF4-4A66-BCA8-6D8CEFBE4AA1}.Debug|Any CPU.ActiveCfg = Debug|Any CPU
		{EB47F730-4CF4-4A66-BCA8-6D8CEFBE4AA1}.Debug|Any CPU.Build.0 = Debug|Any CPU
		{EB47F730-4CF4-4A66-BCA8-6D8CEFBE4AA1}.Release|Any CPU.ActiveCfg = Release|Any CPU
		{EB47F730-4CF4-4A66-BCA8-6D8CEFBE4AA1}.Release|Any CPU.Build.0 = Release|Any CPU
	EndGlobalSection
	GlobalSection(SolutionProperties) = preSolution
		HideSolutionNode = FALSE
	EndGlobalSection
EndGlobal
